
Microsoft Visual Studio Solution File, Format Version 12.00
# Visual Studio Version 17
VisualStudioVersion = 17.7.34018.315
MinimumVisualStudioVersion = 10.0.40219.1
Project("{FAE04EC0-301F-11D3-BF4B-00C04F79EFBC}") = "Kikolo v1", "Kikolo v1\Kikolo v1.csproj", "{601586BE-19A5-478F-A617-97CE5FBCCF8C}"
EndProject
Global
	GlobalSection(SolutionConfigurationPlatforms) = preSolution
		Debug|Any CPU = Debug|Any CPU
		Release|Any CPU = Release|Any CPU
	EndGlobalSection
	GlobalSection(ProjectConfigurationPlatforms) = postSolution
		{601586BE-19A5-478F-A617-97CE5FBCCF8C}.Debug|Any CPU.ActiveCfg = Debug|Any CPU
		{601586BE-19A5-478F-A617-97CE5FBCCF8C}.Debug|Any CPU.Build.0 = Debug|Any CPU
		{601586BE-19A5-478F-A617-97CE5FBCCF8C}.Release|Any CPU.ActiveCfg = Release|Any CPU
		{601586BE-19A5-478F-A617-97CE5FBCCF8C}.Release|Any CPU.Build.0 = Release|Any CPU
	EndGlobalSection
	GlobalSection(SolutionProperties) = preSolution
		HideSolutionNode = FALSE
	EndGlobalSection
	GlobalSection(ExtensibilityGlobals) = postSolution
		SolutionGuid = {C41C5D31-6488-4795-BEC9-E458CA53FB64}
	EndGlobalSection
EndGlobal
